
Microsoft Visual Studio Solution File, Format Version 12.00
# Visual Studio Version 17
VisualStudioVersion = 17.13.35931.197
MinimumVisualStudioVersion = 10.0.40219.1
Project("{FAE04EC0-301F-11D3-BF4B-00C04F79EFBC}") = "Monopoly_Test_v2", "Monopoly_Test_v2\Monopoly_Test_v2.csproj", "{BB46F209-C337-4664-8125-6979A0266096}"
EndProject
Project("{FAE04EC0-301F-11D3-BF4B-00C04F79EFBC}") = "Monopoly_Test_v2.Tests", "Monopoly_Test_v2.Tests\Monopoly_Test_v2.Tests.csproj", "{581F6677-8741-498D-A773-09BECCB60F08}"
EndProject
Global
	GlobalSection(SolutionConfigurationPlatforms) = preSolution
		Debug|Any CPU = Debug|Any CPU
		Debug|x64 = Debug|x64
		Debug|x86 = Debug|x86
		Release|Any CPU = Release|Any CPU
		Release|x64 = Release|x64
		Release|x86 = Release|x86
	EndGlobalSection
	GlobalSection(ProjectConfigurationPlatforms) = postSolution
		{BB46F209-C337-4664-8125-6979A0266096}.Debug|Any CPU.ActiveCfg = Debug|Any CPU
		{BB46F209-C337-4664-8125-6979A0266096}.Debug|Any CPU.Build.0 = Debug|Any CPU
		{BB46F209-C337-4664-8125-6979A0266096}.Debug|x64.ActiveCfg = Debug|Any CPU
		{BB46F209-C337-4664-8125-6979A0266096}.Debug|x64.Build.0 = Debug|Any CPU
		{BB46F209-C337-4664-8125-6979A0266096}.Debug|x86.ActiveCfg = Debug|Any CPU
		{BB46F209-C337-4664-8125-6979A0266096}.Debug|x86.Build.0 = Debug|Any CPU
		{BB46F209-C337-4664-8125-6979A0266096}.Release|Any CPU.ActiveCfg = Release|Any CPU
		{BB46F209-C337-4664-8125-6979A0266096}.Release|Any CPU.Build.0 = Release|Any CPU
		{BB46F209-C337-4664-8125-6979A0266096}.Release|x64.ActiveCfg = Release|Any CPU
		{BB46F209-C337-4664-8125-6979A0266096}.Release|x64.Build.0 = Release|Any CPU
		{BB46F209-C337-4664-8125-6979A0266096}.Release|x86.ActiveCfg = Release|Any CPU
		{BB46F209-C337-4664-8125-6979A0266096}.Release|x86.Build.0 = Release|Any CPU
		{581F6677-8741-498D-A773-09BECCB60F08}.Debug|Any CPU.ActiveCfg = Debug|Any CPU
		{581F6677-8741-498D-A773-09BECCB60F08}.Debug|Any CPU.Build.0 = Debug|Any CPU
		{581F6677-8741-498D-A773-09BECCB60F08}.Debug|x64.ActiveCfg = Debug|Any CPU
		{581F6677-8741-498D-A773-09BECCB60F08}.Debug|x64.Build.0 = Debug|Any CPU
		{581F6677-8741-498D-A773-09BECCB60F08}.Debug|x86.ActiveCfg = Debug|Any CPU
		{581F6677-8741-498D-A773-09BECCB60F08}.Debug|x86.Build.0 = Debug|Any CPU
		{581F6677-8741-498D-A773-09BECCB60F08}.Release|Any CPU.ActiveCfg = Release|Any CPU
		{581F6677-8741-498D-A773-09BECCB60F08}.Release|Any CPU.Build.0 = Release|Any CPU
		{581F6677-8741-498D-A773-09BECCB60F08}.Release|x64.ActiveCfg = Release|Any CPU
		{581F6677-8741-498D-A773-09BECCB60F08}.Release|x64.Build.0 = Release|Any CPU
		{581F6677-8741-498D-A773-09BECCB60F08}.Release|x86.ActiveCfg = Release|Any CPU
		{581F6677-8741-498D-A773-09BECCB60F08}.Release|x86.Build.0 = Release|Any CPU
	EndGlobalSection
	GlobalSection(SolutionProperties) = preSolution
		HideSolutionNode = FALSE
	EndGlobalSection
	GlobalSection(ExtensibilityGlobals) = postSolution
		SolutionGuid = {BA03E5DE-3A6E-41B1-BBC7-B65CFCA0ED15}
	EndGlobalSection
EndGlobal
